
Microsoft Visual Studio Solution File, Format Version 12.00
# Visual Studio Version 17
VisualStudioVersion = 17.10.35122.118
MinimumVisualStudioVersion = 10.0.40219.1
Project("{FAE04EC0-301F-11D3-BF4B-00C04F79EFBC}") = "CodePulse.API", "CodePulse.API\CodePulse.API.csproj", "{A0539EAF-75D1-4155-AC28-322F8A3665B1}"
EndProject
Global
	GlobalSection(SolutionConfigurationPlatforms) = preSolution
		Debug|Any CPU = Debug|Any CPU
		Release|Any CPU = Release|Any CPU
	EndGlobalSection
	GlobalSection(ProjectConfigurationPlatforms) = postSolution
		{A0539EAF-75D1-4155-AC28-322F8A3665B1}.Debug|Any CPU.ActiveCfg = Debug|Any CPU
		{A0539EAF-75D1-4155-AC28-322F8A3665B1}.Debug|Any CPU.Build.0 = Debug|Any CPU
		{A0539EAF-75D1-4155-AC28-322F8A3665B1}.Release|Any CPU.ActiveCfg = Release|Any CPU
		{A0539EAF-75D1-4155-AC28-322F8A3665B1}.Release|Any CPU.Build.0 = Release|Any CPU
	EndGlobalSection
	GlobalSection(SolutionProperties) = preSolution
		HideSolutionNode = FALSE
	EndGlobalSection
	GlobalSection(ExtensibilityGlobals) = postSolution
		SolutionGuid = {082E0512-586B-4DAE-A9BA-FEC1D3D40F12}
	EndGlobalSection
EndGlobal
